// !$*UTF8*$!
{
	archiveVersion = 1;
	classes = {
	};
	objectVersion = 46;
	objects = {

/* Begin PBXBuildFile section */
		2820B9C917331B6900583463 /* RMLinkedInSDK.m in Sources */ = {isa = PBXBuildFile; fileRef = 2820B9C817331B6900583463 /* RMLinkedInSDK.m */; };
		28F7F76C1734268500FF810A /* RMGooglePlusSDK.m in Sources */ = {isa = PBXBuildFile; fileRef = 28F7F76B1734268500FF810A /* RMGooglePlusSDK.m */; };
		6D5FD293F240430FB4AD6BA2 /* libPods.a in Frameworks */ = {isa = PBXBuildFile; fileRef = 4024170EA0D044BFA9D6305C /* libPods.a */; };
		AA5BB59B173882C600553FCE /* RMOrkutSDK.m in Sources */ = {isa = PBXBuildFile; fileRef = AA5BB59A173882C600553FCE /* RMOrkutSDK.m */; };
		AA6A321E172F0BA0002893BD /* RMFacebookSDK.m in Sources */ = {isa = PBXBuildFile; fileRef = AA6A321D172F0BA0002893BD /* RMFacebookSDK.m */; };
		AA6A3221172F2129002893BD /* RMViewController.m in Sources */ = {isa = PBXBuildFile; fileRef = AA6A3220172F2129002893BD /* RMViewController.m */; };
		AA72E1571720B88100BBEBA4 /* UIKit.framework in Frameworks */ = {isa = PBXBuildFile; fileRef = AA72E1561720B88100BBEBA4 /* UIKit.framework */; };
		AA72E1591720B88100BBEBA4 /* Foundation.framework in Frameworks */ = {isa = PBXBuildFile; fileRef = AA72E1581720B88100BBEBA4 /* Foundation.framework */; };
		AA72E15B1720B88100BBEBA4 /* CoreGraphics.framework in Frameworks */ = {isa = PBXBuildFile; fileRef = AA72E15A1720B88100BBEBA4 /* CoreGraphics.framework */; };
		AA72E1611720B88100BBEBA4 /* InfoPlist.strings in Resources */ = {isa = PBXBuildFile; fileRef = AA72E15F1720B88100BBEBA4 /* InfoPlist.strings */; };
		AA72E1631720B88100BBEBA4 /* main.m in Sources */ = {isa = PBXBuildFile; fileRef = AA72E1621720B88100BBEBA4 /* main.m */; };
		AA72E1671720B88100BBEBA4 /* RMAppDelegate.m in Sources */ = {isa = PBXBuildFile; fileRef = AA72E1661720B88100BBEBA4 /* RMAppDelegate.m */; };
		AA72E1691720B88100BBEBA4 /* Default.png in Resources */ = {isa = PBXBuildFile; fileRef = AA72E1681720B88100BBEBA4 /* Default.png */; };
		AA72E16B1720B88100BBEBA4 /* Default@2x.png in Resources */ = {isa = PBXBuildFile; fileRef = AA72E16A1720B88100BBEBA4 /* Default@2x.png */; };
		AA72E16D1720B88100BBEBA4 /* Default-568h@2x.png in Resources */ = {isa = PBXBuildFile; fileRef = AA72E16C1720B88100BBEBA4 /* Default-568h@2x.png */; };
		AA72E17F1720B9BF00BBEBA4 /* RMFoursquareSDK.m in Sources */ = {isa = PBXBuildFile; fileRef = AA72E17E1720B9BE00BBEBA4 /* RMFoursquareSDK.m */; };
		AA72E1821720BA6B00BBEBA4 /* RMInstagramSDK.m in Sources */ = {isa = PBXBuildFile; fileRef = AA72E1811720BA6A00BBEBA4 /* RMInstagramSDK.m */; };
		AA72E1851720BAFC00BBEBA4 /* RMMasterSDK.m in Sources */ = {isa = PBXBuildFile; fileRef = AA72E1841720BAFC00BBEBA4 /* RMMasterSDK.m */; };
		AA72E1881720BB4600BBEBA4 /* RMTumblrSDK.m in Sources */ = {isa = PBXBuildFile; fileRef = AA72E1871720BB4600BBEBA4 /* RMTumblrSDK.m */; };
		AA72E18B1720BBC700BBEBA4 /* RMYelpSDK.m in Sources */ = {isa = PBXBuildFile; fileRef = AA72E18A1720BBC700BBEBA4 /* RMYelpSDK.m */; };
		AA8C4DF117289C430095D4EA /* RMTwitterSDK.m in Sources */ = {isa = PBXBuildFile; fileRef = AA8C4DF017289C430095D4EA /* RMTwitterSDK.m */; };
		AA905949173456E000B8FCB8 /* RMDeviantArtSDK.m in Sources */ = {isa = PBXBuildFile; fileRef = AA905948173456E000B8FCB8 /* RMDeviantArtSDK.m */; };
		AAD3681B1729E6EA0019FE51 /* Social.framework in Frameworks */ = {isa = PBXBuildFile; fileRef = AAD3681A1729E6EA0019FE51 /* Social.framework */; };
		AAD3681D1729E7B40019FE51 /* Accounts.framework in Frameworks */ = {isa = PBXBuildFile; fileRef = AAD3681C1729E7B40019FE51 /* Accounts.framework */; };
/* End PBXBuildFile section */

/* Begin PBXFileReference section */
		2820B9C717331B6900583463 /* RMLinkedInSDK.h */ = {isa = PBXFileReference; fileEncoding = 4; lastKnownFileType = sourcecode.c.h; path = RMLinkedInSDK.h; sourceTree = "<group>"; };
		2820B9C817331B6900583463 /* RMLinkedInSDK.m */ = {isa = PBXFileReference; fileEncoding = 4; lastKnownFileType = sourcecode.c.objc; path = RMLinkedInSDK.m; sourceTree = "<group>"; };
		28F7F76A1734268500FF810A /* RMGooglePlusSDK.h */ = {isa = PBXFileReference; fileEncoding = 4; lastKnownFileType = sourcecode.c.h; path = RMGooglePlusSDK.h; sourceTree = "<group>"; };
		28F7F76B1734268500FF810A /* RMGooglePlusSDK.m */ = {isa = PBXFileReference; fileEncoding = 4; lastKnownFileType = sourcecode.c.objc; path = RMGooglePlusSDK.m; sourceTree = "<group>"; };
		4024170EA0D044BFA9D6305C /* libPods.a */ = {isa = PBXFileReference; explicitFileType = archive.ar; includeInIndex = 0; path = libPods.a; sourceTree = BUILT_PRODUCTS_DIR; };
		AA5BB599173882C600553FCE /* RMOrkutSDK.h */ = {isa = PBXFileReference; fileEncoding = 4; lastKnownFileType = sourcecode.c.h; path = RMOrkutSDK.h; sourceTree = "<group>"; };
		AA5BB59A173882C600553FCE /* RMOrkutSDK.m */ = {isa = PBXFileReference; fileEncoding = 4; lastKnownFileType = sourcecode.c.objc; path = RMOrkutSDK.m; sourceTree = "<group>"; };
		AA6A321C172F0BA0002893BD /* RMFacebookSDK.h */ = {isa = PBXFileReference; fileEncoding = 4; lastKnownFileType = sourcecode.c.h; path = RMFacebookSDK.h; sourceTree = "<group>"; };
		AA6A321D172F0BA0002893BD /* RMFacebookSDK.m */ = {isa = PBXFileReference; fileEncoding = 4; lastKnownFileType = sourcecode.c.objc; path = RMFacebookSDK.m; sourceTree = "<group>"; };
		AA6A321F172F2129002893BD /* RMViewController.h */ = {isa = PBXFileReference; fileEncoding = 4; lastKnownFileType = sourcecode.c.h; path = RMViewController.h; sourceTree = "<group>"; };
		AA6A3220172F2129002893BD /* RMViewController.m */ = {isa = PBXFileReference; fileEncoding = 4; lastKnownFileType = sourcecode.c.objc; path = RMViewController.m; sourceTree = "<group>"; };
		AA72E1531720B88100BBEBA4 /* MasterShareSDK.app */ = {isa = PBXFileReference; explicitFileType = wrapper.application; includeInIndex = 0; path = MasterShareSDK.app; sourceTree = BUILT_PRODUCTS_DIR; };
		AA72E1561720B88100BBEBA4 /* UIKit.framework */ = {isa = PBXFileReference; lastKnownFileType = wrapper.framework; name = UIKit.framework; path = System/Library/Frameworks/UIKit.framework; sourceTree = SDKROOT; };
		AA72E1581720B88100BBEBA4 /* Foundation.framework */ = {isa = PBXFileReference; lastKnownFileType = wrapper.framework; name = Foundation.framework; path = System/Library/Frameworks/Foundation.framework; sourceTree = SDKROOT; };
		AA72E15A1720B88100BBEBA4 /* CoreGraphics.framework */ = {isa = PBXFileReference; lastKnownFileType = wrapper.framework; name = CoreGraphics.framework; path = System/Library/Frameworks/CoreGraphics.framework; sourceTree = SDKROOT; };
		AA72E15E1720B88100BBEBA4 /* MasterShareSDK-Info.plist */ = {isa = PBXFileReference; lastKnownFileType = text.plist.xml; path = "MasterShareSDK-Info.plist"; sourceTree = "<group>"; };
		AA72E1601720B88100BBEBA4 /* en */ = {isa = PBXFileReference; lastKnownFileType = text.plist.strings; name = en; path = en.lproj/InfoPlist.strings; sourceTree = "<group>"; };
		AA72E1621720B88100BBEBA4 /* main.m */ = {isa = PBXFileReference; lastKnownFileType = sourcecode.c.objc; path = main.m; sourceTree = "<group>"; };
		AA72E1641720B88100BBEBA4 /* MasterShareSDK-Prefix.pch */ = {isa = PBXFileReference; lastKnownFileType = sourcecode.c.h; path = "MasterShareSDK-Prefix.pch"; sourceTree = "<group>"; };
		AA72E1651720B88100BBEBA4 /* RMAppDelegate.h */ = {isa = PBXFileReference; lastKnownFileType = sourcecode.c.h; path = RMAppDelegate.h; sourceTree = "<group>"; };
		AA72E1661720B88100BBEBA4 /* RMAppDelegate.m */ = {isa = PBXFileReference; lastKnownFileType = sourcecode.c.objc; path = RMAppDelegate.m; sourceTree = "<group>"; };
		AA72E1681720B88100BBEBA4 /* Default.png */ = {isa = PBXFileReference; lastKnownFileType = image.png; path = Default.png; sourceTree = "<group>"; };
		AA72E16A1720B88100BBEBA4 /* Default@2x.png */ = {isa = PBXFileReference; lastKnownFileType = image.png; path = "Default@2x.png"; sourceTree = "<group>"; };
		AA72E16C1720B88100BBEBA4 /* Default-568h@2x.png */ = {isa = PBXFileReference; lastKnownFileType = image.png; path = "Default-568h@2x.png"; sourceTree = "<group>"; };
		AA72E17D1720B9BE00BBEBA4 /* RMFoursquareSDK.h */ = {isa = PBXFileReference; fileEncoding = 4; lastKnownFileType = sourcecode.c.h; path = RMFoursquareSDK.h; sourceTree = "<group>"; };
		AA72E17E1720B9BE00BBEBA4 /* RMFoursquareSDK.m */ = {isa = PBXFileReference; fileEncoding = 4; lastKnownFileType = sourcecode.c.objc; path = RMFoursquareSDK.m; sourceTree = "<group>"; };
		AA72E1801720BA6A00BBEBA4 /* RMInstagramSDK.h */ = {isa = PBXFileReference; fileEncoding = 4; lastKnownFileType = sourcecode.c.h; path = RMInstagramSDK.h; sourceTree = "<group>"; };
		AA72E1811720BA6A00BBEBA4 /* RMInstagramSDK.m */ = {isa = PBXFileReference; fileEncoding = 4; lastKnownFileType = sourcecode.c.objc; path = RMInstagramSDK.m; sourceTree = "<group>"; };
		AA72E1831720BAFC00BBEBA4 /* RMMasterSDK.h */ = {isa = PBXFileReference; fileEncoding = 4; lastKnownFileType = sourcecode.c.h; path = RMMasterSDK.h; sourceTree = "<group>"; };
		AA72E1841720BAFC00BBEBA4 /* RMMasterSDK.m */ = {isa = PBXFileReference; fileEncoding = 4; lastKnownFileType = sourcecode.c.objc; path = RMMasterSDK.m; sourceTree = "<group>"; };
		AA72E1861720BB4600BBEBA4 /* RMTumblrSDK.h */ = {isa = PBXFileReference; fileEncoding = 4; lastKnownFileType = sourcecode.c.h; path = RMTumblrSDK.h; sourceTree = "<group>"; };
		AA72E1871720BB4600BBEBA4 /* RMTumblrSDK.m */ = {isa = PBXFileReference; fileEncoding = 4; lastKnownFileType = sourcecode.c.objc; path = RMTumblrSDK.m; sourceTree = "<group>"; };
		AA72E1891720BBC600BBEBA4 /* RMYelpSDK.h */ = {isa = PBXFileReference; fileEncoding = 4; lastKnownFileType = sourcecode.c.h; path = RMYelpSDK.h; sourceTree = "<group>"; };
		AA72E18A1720BBC700BBEBA4 /* RMYelpSDK.m */ = {isa = PBXFileReference; fileEncoding = 4; lastKnownFileType = sourcecode.c.objc; path = RMYelpSDK.m; sourceTree = "<group>"; };
		AA8C4DEF17289C430095D4EA /* RMTwitterSDK.h */ = {isa = PBXFileReference; fileEncoding = 4; lastKnownFileType = sourcecode.c.h; path = RMTwitterSDK.h; sourceTree = "<group>"; };
		AA8C4DF017289C430095D4EA /* RMTwitterSDK.m */ = {isa = PBXFileReference; fileEncoding = 4; lastKnownFileType = sourcecode.c.objc; path = RMTwitterSDK.m; sourceTree = "<group>"; };
		AA905947173456E000B8FCB8 /* RMDeviantArtSDK.h */ = {isa = PBXFileReference; fileEncoding = 4; lastKnownFileType = sourcecode.c.h; path = RMDeviantArtSDK.h; sourceTree = "<group>"; };
		AA905948173456E000B8FCB8 /* RMDeviantArtSDK.m */ = {isa = PBXFileReference; fileEncoding = 4; lastKnownFileType = sourcecode.c.objc; path = RMDeviantArtSDK.m; sourceTree = "<group>"; };
		AAD3681A1729E6EA0019FE51 /* Social.framework */ = {isa = PBXFileReference; lastKnownFileType = wrapper.framework; name = Social.framework; path = System/Library/Frameworks/Social.framework; sourceTree = SDKROOT; };
		AAD3681C1729E7B40019FE51 /* Accounts.framework */ = {isa = PBXFileReference; lastKnownFileType = wrapper.framework; name = Accounts.framework; path = System/Library/Frameworks/Accounts.framework; sourceTree = SDKROOT; };
		D9614F5501E34EAF93E23A24 /* Pods.xcconfig */ = {isa = PBXFileReference; includeInIndex = 1; lastKnownFileType = text.xcconfig; name = Pods.xcconfig; path = Pods/Pods.xcconfig; sourceTree = SOURCE_ROOT; };
/* End PBXFileReference section */

/* Begin PBXFrameworksBuildPhase section */
		AA72E1501720B88100BBEBA4 /* Frameworks */ = {
			isa = PBXFrameworksBuildPhase;
			buildActionMask = 2147483647;
			files = (
				AAD3681D1729E7B40019FE51 /* Accounts.framework in Frameworks */,
				AAD3681B1729E6EA0019FE51 /* Social.framework in Frameworks */,
				AA72E1571720B88100BBEBA4 /* UIKit.framework in Frameworks */,
				AA72E1591720B88100BBEBA4 /* Foundation.framework in Frameworks */,
				AA72E15B1720B88100BBEBA4 /* CoreGraphics.framework in Frameworks */,
				6D5FD293F240430FB4AD6BA2 /* libPods.a in Frameworks */,
			);
			runOnlyForDeploymentPostprocessing = 0;
		};
/* End PBXFrameworksBuildPhase section */

/* Begin PBXGroup section */
		AA72E14A1720B88100BBEBA4 = {
			isa = PBXGroup;
			children = (
				AA72E15C1720B88100BBEBA4 /* MasterShareSDK */,
				AA72E1551720B88100BBEBA4 /* Frameworks */,
				AA72E1541720B88100BBEBA4 /* Products */,
				D9614F5501E34EAF93E23A24 /* Pods.xcconfig */,
			);
			sourceTree = "<group>";
		};
		AA72E1541720B88100BBEBA4 /* Products */ = {
			isa = PBXGroup;
			children = (
				AA72E1531720B88100BBEBA4 /* MasterShareSDK.app */,
			);
			name = Products;
			sourceTree = "<group>";
		};
		AA72E1551720B88100BBEBA4 /* Frameworks */ = {
			isa = PBXGroup;
			children = (
				AAD3681C1729E7B40019FE51 /* Accounts.framework */,
				AAD3681A1729E6EA0019FE51 /* Social.framework */,
				AA72E1561720B88100BBEBA4 /* UIKit.framework */,
				AA72E1581720B88100BBEBA4 /* Foundation.framework */,
				AA72E15A1720B88100BBEBA4 /* CoreGraphics.framework */,
				4024170EA0D044BFA9D6305C /* libPods.a */,
			);
			name = Frameworks;
			sourceTree = "<group>";
		};
		AA72E15C1720B88100BBEBA4 /* MasterShareSDK */ = {
			isa = PBXGroup;
			children = (
				AA72E1651720B88100BBEBA4 /* RMAppDelegate.h */,
				AA72E1661720B88100BBEBA4 /* RMAppDelegate.m */,
				AA6A321F172F2129002893BD /* RMViewController.h */,
				AA6A3220172F2129002893BD /* RMViewController.m */,
				AA72E17D1720B9BE00BBEBA4 /* RMFoursquareSDK.h */,
				AA72E17E1720B9BE00BBEBA4 /* RMFoursquareSDK.m */,
				AA72E1801720BA6A00BBEBA4 /* RMInstagramSDK.h */,
				AA72E1811720BA6A00BBEBA4 /* RMInstagramSDK.m */,
				AA72E1831720BAFC00BBEBA4 /* RMMasterSDK.h */,
				AA72E1841720BAFC00BBEBA4 /* RMMasterSDK.m */,
				AA72E1861720BB4600BBEBA4 /* RMTumblrSDK.h */,
				AA72E1871720BB4600BBEBA4 /* RMTumblrSDK.m */,
				AA72E1891720BBC600BBEBA4 /* RMYelpSDK.h */,
				AA72E18A1720BBC700BBEBA4 /* RMYelpSDK.m */,
				AA8C4DEF17289C430095D4EA /* RMTwitterSDK.h */,
				AA8C4DF017289C430095D4EA /* RMTwitterSDK.m */,
				AA6A321C172F0BA0002893BD /* RMFacebookSDK.h */,
				AA6A321D172F0BA0002893BD /* RMFacebookSDK.m */,
				2820B9C717331B6900583463 /* RMLinkedInSDK.h */,
				2820B9C817331B6900583463 /* RMLinkedInSDK.m */,
				28F7F76A1734268500FF810A /* RMGooglePlusSDK.h */,
				28F7F76B1734268500FF810A /* RMGooglePlusSDK.m */,
				AA905947173456E000B8FCB8 /* RMDeviantArtSDK.h */,
				AA905948173456E000B8FCB8 /* RMDeviantArtSDK.m */,
				AA5BB599173882C600553FCE /* RMOrkutSDK.h */,
				AA5BB59A173882C600553FCE /* RMOrkutSDK.m */,
				AA72E15D1720B88100BBEBA4 /* Supporting Files */,
			);
			path = MasterShareSDK;
			sourceTree = "<group>";
		};
		AA72E15D1720B88100BBEBA4 /* Supporting Files */ = {
			isa = PBXGroup;
			children = (
				AA72E15E1720B88100BBEBA4 /* MasterShareSDK-Info.plist */,
				AA72E15F1720B88100BBEBA4 /* InfoPlist.strings */,
				AA72E1621720B88100BBEBA4 /* main.m */,
				AA72E1641720B88100BBEBA4 /* MasterShareSDK-Prefix.pch */,
				AA72E1681720B88100BBEBA4 /* Default.png */,
				AA72E16A1720B88100BBEBA4 /* Default@2x.png */,
				AA72E16C1720B88100BBEBA4 /* Default-568h@2x.png */,
			);
			name = "Supporting Files";
			sourceTree = "<group>";
		};
/* End PBXGroup section */

/* Begin PBXNativeTarget section */
		AA72E1521720B88100BBEBA4 /* MasterShareSDK */ = {
			isa = PBXNativeTarget;
			buildConfigurationList = AA72E1701720B88100BBEBA4 /* Build configuration list for PBXNativeTarget "MasterShareSDK" */;
			buildPhases = (
				AA72E14F1720B88100BBEBA4 /* Sources */,
				AA72E1501720B88100BBEBA4 /* Frameworks */,
				AA72E1511720B88100BBEBA4 /* Resources */,
				39068D7332D34DE89FBA8A6D /* Copy Pods Resources */,
			);
			buildRules = (
			);
			dependencies = (
			);
			name = MasterShareSDK;
			productName = MasterShareSDK;
			productReference = AA72E1531720B88100BBEBA4 /* MasterShareSDK.app */;
			productType = "com.apple.product-type.application";
		};
/* End PBXNativeTarget section */

/* Begin PBXProject section */
		AA72E14B1720B88100BBEBA4 /* Project object */ = {
			isa = PBXProject;
			attributes = {
				CLASSPREFIX = RM;
				LastUpgradeCheck = 0460;
				ORGANIZATIONNAME = "Ramiro Guerrero";
			};
			buildConfigurationList = AA72E14E1720B88100BBEBA4 /* Build configuration list for PBXProject "MasterShareSDK" */;
			compatibilityVersion = "Xcode 3.2";
			developmentRegion = English;
			hasScannedForEncodings = 0;
			knownRegions = (
				en,
			);
			mainGroup = AA72E14A1720B88100BBEBA4;
			productRefGroup = AA72E1541720B88100BBEBA4 /* Products */;
			projectDirPath = "";
			projectRoot = "";
			targets = (
				AA72E1521720B88100BBEBA4 /* MasterShareSDK */,
			);
		};
/* End PBXProject section */

/* Begin PBXResourcesBuildPhase section */
		AA72E1511720B88100BBEBA4 /* Resources */ = {
			isa = PBXResourcesBuildPhase;
			buildActionMask = 2147483647;
			files = (
				AA72E1611720B88100BBEBA4 /* InfoPlist.strings in Resources */,
				AA72E1691720B88100BBEBA4 /* Default.png in Resources */,
				AA72E16B1720B88100BBEBA4 /* Default@2x.png in Resources */,
				AA72E16D1720B88100BBEBA4 /* Default-568h@2x.png in Resources */,
			);
			runOnlyForDeploymentPostprocessing = 0;
		};
/* End PBXResourcesBuildPhase section */

/* Begin PBXShellScriptBuildPhase section */
		39068D7332D34DE89FBA8A6D /* Copy Pods Resources */ = {
			isa = PBXShellScriptBuildPhase;
			buildActionMask = 2147483647;
			files = (
			);
			inputPaths = (
			);
			name = "Copy Pods Resources";
			outputPaths = (
			);
			runOnlyForDeploymentPostprocessing = 0;
			shellPath = /bin/sh;
			shellScript = "\"${SRCROOT}/Pods/Pods-resources.sh\"\n";
		};
/* End PBXShellScriptBuildPhase section */

/* Begin PBXSourcesBuildPhase section */
		AA72E14F1720B88100BBEBA4 /* Sources */ = {
			isa = PBXSourcesBuildPhase;
			buildActionMask = 2147483647;
			files = (
				AA72E1631720B88100BBEBA4 /* main.m in Sources */,
				AA72E1671720B88100BBEBA4 /* RMAppDelegate.m in Sources */,
				AA72E17F1720B9BF00BBEBA4 /* RMFoursquareSDK.m in Sources */,
				AA72E1821720BA6B00BBEBA4 /* RMInstagramSDK.m in Sources */,
				AA72E1851720BAFC00BBEBA4 /* RMMasterSDK.m in Sources */,
				AA72E1881720BB4600BBEBA4 /* RMTumblrSDK.m in Sources */,
				AA72E18B1720BBC700BBEBA4 /* RMYelpSDK.m in Sources */,
				AA8C4DF117289C430095D4EA /* RMTwitterSDK.m in Sources */,
				AA6A321E172F0BA0002893BD /* RMFacebookSDK.m in Sources */,
				AA6A3221172F2129002893BD /* RMViewController.m in Sources */,
				2820B9C917331B6900583463 /* RMLinkedInSDK.m in Sources */,
				28F7F76C1734268500FF810A /* RMGooglePlusSDK.m in Sources */,
				AA905949173456E000B8FCB8 /* RMDeviantArtSDK.m in Sources */,
				AA5BB59B173882C600553FCE /* RMOrkutSDK.m in Sources */,
			);
			runOnlyForDeploymentPostprocessing = 0;
		};
/* End PBXSourcesBuildPhase section */

/* Begin PBXVariantGroup section */
		AA72E15F1720B88100BBEBA4 /* InfoPlist.strings */ = {
			isa = PBXVariantGroup;
			children = (
				AA72E1601720B88100BBEBA4 /* en */,
			);
			name = InfoPlist.strings;
			sourceTree = "<group>";
		};
/* End PBXVariantGroup section */

/* Begin XCBuildConfiguration section */
		AA72E16E1720B88100BBEBA4 /* Debug */ = {
			isa = XCBuildConfiguration;
			buildSettings = {
				ALWAYS_SEARCH_USER_PATHS = NO;
				CLANG_CXX_LANGUAGE_STANDARD = "gnu++0x";
				CLANG_CXX_LIBRARY = "libc++";
				CLANG_ENABLE_OBJC_ARC = YES;
				CLANG_WARN_CONSTANT_CONVERSION = YES;
				CLANG_WARN_EMPTY_BODY = YES;
				CLANG_WARN_ENUM_CONVERSION = YES;
				CLANG_WARN_INT_CONVERSION = YES;
				CLANG_WARN__DUPLICATE_METHOD_MATCH = YES;
				"CODE_SIGN_IDENTITY[sdk=iphoneos*]" = "iPhone Developer";
				COPY_PHASE_STRIP = NO;
				GCC_C_LANGUAGE_STANDARD = gnu99;
				GCC_DYNAMIC_NO_PIC = NO;
				GCC_OPTIMIZATION_LEVEL = 0;
				GCC_PREPROCESSOR_DEFINITIONS = (
					"DEBUG=1",
					"$(inherited)",
				);
				GCC_SYMBOLS_PRIVATE_EXTERN = NO;
				GCC_WARN_ABOUT_RETURN_TYPE = YES;
				GCC_WARN_UNINITIALIZED_AUTOS = YES;
				GCC_WARN_UNUSED_VARIABLE = YES;
				IPHONEOS_DEPLOYMENT_TARGET = 6.1;
				ONLY_ACTIVE_ARCH = YES;
				SDKROOT = iphoneos;
			};
			name = Debug;
		};
		AA72E16F1720B88100BBEBA4 /* Release */ = {
			isa = XCBuildConfiguration;
			buildSettings = {
				ALWAYS_SEARCH_USER_PATHS = NO;
				CLANG_CXX_LANGUAGE_STANDARD = "gnu++0x";
				CLANG_CXX_LIBRARY = "libc++";
				CLANG_ENABLE_OBJC_ARC = YES;
				CLANG_WARN_CONSTANT_CONVERSION = YES;
				CLANG_WARN_EMPTY_BODY = YES;
				CLANG_WARN_ENUM_CONVERSION = YES;
				CLANG_WARN_INT_CONVERSION = YES;
				CLANG_WARN__DUPLICATE_METHOD_MATCH = YES;
				"CODE_SIGN_IDENTITY[sdk=iphoneos*]" = "iPhone Developer";
				COPY_PHASE_STRIP = YES;
				GCC_C_LANGUAGE_STANDARD = gnu99;
				GCC_WARN_ABOUT_RETURN_TYPE = YES;
				GCC_WARN_UNINITIALIZED_AUTOS = YES;
				GCC_WARN_UNUSED_VARIABLE = YES;
				IPHONEOS_DEPLOYMENT_TARGET = 6.1;
				OTHER_CFLAGS = "-DNS_BLOCK_ASSERTIONS=1";
				SDKROOT = iphoneos;
				VALIDATE_PRODUCT = YES;
			};
			name = Release;
		};
		AA72E1711720B88100BBEBA4 /* Debug */ = {
			isa = XCBuildConfiguration;
			baseConfigurationReference = D9614F5501E34EAF93E23A24 /* Pods.xcconfig */;
			buildSettings = {
				GCC_PRECOMPILE_PREFIX_HEADER = YES;
				GCC_PREFIX_HEADER = "MasterShareSDK/MasterShareSDK-Prefix.pch";
				INFOPLIST_FILE = "MasterShareSDK/MasterShareSDK-Info.plist";
				PRODUCT_NAME = "$(TARGET_NAME)";
				WRAPPER_EXTENSION = app;
			};
			name = Debug;
		};
		AA72E1721720B88100BBEBA4 /* Release */ = {
			isa = XCBuildConfiguration;
			baseConfigurationReference = D9614F5501E34EAF93E23A24 /* Pods.xcconfig */;
			buildSettings = {
				GCC_PRECOMPILE_PREFIX_HEADER = YES;
				GCC_PREFIX_HEADER = "MasterShareSDK/MasterShareSDK-Prefix.pch";
				INFOPLIST_FILE = "MasterShareSDK/MasterShareSDK-Info.plist";
				PRODUCT_NAME = "$(TARGET_NAME)";
				WRAPPER_EXTENSION = app;
			};
			name = Release;
		};
/* End XCBuildConfiguration section */

/* Begin XCConfigurationList section */
		AA72E14E1720B88100BBEBA4 /* Build configuration list for PBXProject "MasterShareSDK" */ = {
			isa = XCConfigurationList;
			buildConfigurations = (
				AA72E16E1720B88100BBEBA4 /* Debug */,
				AA72E16F1720B88100BBEBA4 /* Release */,
			);
			defaultConfigurationIsVisible = 0;
			defaultConfigurationName = Release;
		};
		AA72E1701720B88100BBEBA4 /* Build configuration list for PBXNativeTarget "MasterShareSDK" */ = {
			isa = XCConfigurationList;
			buildConfigurations = (
				AA72E1711720B88100BBEBA4 /* Debug */,
				AA72E1721720B88100BBEBA4 /* Release */,
			);
			defaultConfigurationIsVisible = 0;
			defaultConfigurationName = Release;
		};
/* End XCConfigurationList section */
	};
	rootObject = AA72E14B1720B88100BBEBA4 /* Project object */;
}
